
Microsoft Visual Studio Solution File, Format Version 12.00
# Visual Studio Version 17
VisualStudioVersion = 17.7.34009.444
MinimumVisualStudioVersion = 10.0.40219.1
Project("{FAE04EC0-301F-11D3-BF4B-00C04F79EFBC}") = "MemotecaAPI", "MemotecaAPI\MemotecaAPI.csproj", "{F14CB380-93B4-491A-8BED-1BD2A057284A}"
EndProject
Global
	GlobalSection(SolutionConfigurationPlatforms) = preSolution
		Debug|Any CPU = Debug|Any CPU
		Release|Any CPU = Release|Any CPU
	EndGlobalSection
	GlobalSection(ProjectConfigurationPlatforms) = postSolution
		{F14CB380-93B4-491A-8BED-1BD2A057284A}.Debug|Any CPU.ActiveCfg = Debug|Any CPU
		{F14CB380-93B4-491A-8BED-1BD2A057284A}.Debug|Any CPU.Build.0 = Debug|Any CPU
		{F14CB380-93B4-491A-8BED-1BD2A057284A}.Release|Any CPU.ActiveCfg = Release|Any CPU
		{F14CB380-93B4-491A-8BED-1BD2A057284A}.Release|Any CPU.Build.0 = Release|Any CPU
	EndGlobalSection
	GlobalSection(SolutionProperties) = preSolution
		HideSolutionNode = FALSE
	EndGlobalSection
	GlobalSection(ExtensibilityGlobals) = postSolution
		SolutionGuid = {85EC4EBF-5476-4491-B519-1B17F8991D08}
	EndGlobalSection
EndGlobal
